
Microsoft Visual Studio Solution File, Format Version 12.00
# Visual Studio Version 16
VisualStudioVersion = 16.0.29728.190
MinimumVisualStudioVersion = 10.0.40219.1
Project("{FAE04EC0-301F-11D3-BF4B-00C04F79EFBC}") = "ArrayTraining_Task3", "ArrayTraining_Task3\ArrayTraining_Task3.csproj", "{75563242-6DC2-4430-8609-27236E6C2233}"
EndProject
Global
	GlobalSection(SolutionConfigurationPlatforms) = preSolution
		Debug|Any CPU = Debug|Any CPU
		Release|Any CPU = Release|Any CPU
	EndGlobalSection
	GlobalSection(ProjectConfigurationPlatforms) = postSolution
		{75563242-6DC2-4430-8609-27236E6C2233}.Debug|Any CPU.ActiveCfg = Debug|Any CPU
		{75563242-6DC2-4430-8609-27236E6C2233}.Debug|Any CPU.Build.0 = Debug|Any CPU
		{75563242-6DC2-4430-8609-27236E6C2233}.Release|Any CPU.ActiveCfg = Release|Any CPU
		{75563242-6DC2-4430-8609-27236E6C2233}.Release|Any CPU.Build.0 = Release|Any CPU
	EndGlobalSection
	GlobalSection(SolutionProperties) = preSolution
		HideSolutionNode = FALSE
	EndGlobalSection
	GlobalSection(ExtensibilityGlobals) = postSolution
		SolutionGuid = {31A2C88C-5454-40C6-8AF7-F75CF4AA1F06}
	EndGlobalSection
EndGlobal
